{
  "nodes": {
    "emacs-config": {
      "inputs": {
        "emacs-overlay": "emacs-overlay",
        "flake-utils": [
          "home-config-kira",
          "flake-utils"
        ],
        "my-nur": [
          "home-config-kira",
          "my-nur"
        ],
        "nixpkgs": [
          "home-config-kira",
          "nixpkgs"
        ]
      },
      "locked": {
        "lastModified": 1637716180,
        "narHash": "sha256-mMA0ZyaknN/avSi03btvYSymTdS5gmQcTKWvyjk9lhk=",
        "owner": "kira-bruneau",
        "repo": "emacs-config",
        "rev": "905a12284f1b2eb5a811161b8ade41cc9853cefb",
        "type": "gitlab"
      },
      "original": {
        "owner": "kira-bruneau",
        "repo": "emacs-config",
        "type": "gitlab"
      }
    },
    "emacs-overlay": {
      "locked": {
        "lastModified": 1637637585,
        "narHash": "sha256-KXnl0vEFn2zdUc6/ebZvag4uiwqMMM7NVB/uYlyvDpU=",
        "owner": "nix-community",
        "repo": "emacs-overlay",
        "rev": "0396d96e1e2b33c2bf7c0b715781631a6d9cc493",
        "type": "github"
      },
      "original": {
        "owner": "nix-community",
        "repo": "emacs-overlay",
        "type": "github"
      }
    },
    "flake-utils": {
      "locked": {
        "lastModified": 1638122382,
        "narHash": "sha256-sQzZzAbvKEqN9s0bzWuYmRaA03v40gaJ4+iL1LXjaeI=",
        "owner": "numtide",
        "repo": "flake-utils",
        "rev": "74f7e4319258e287b0f9cb95426c9853b282730b",
        "type": "github"
      },
      "original": {
        "owner": "numtide",
        "repo": "flake-utils",
        "type": "github"
      }
    },
    "flake-utils_2": {
      "locked": {
        "lastModified": 1637014545,
        "narHash": "sha256-26IZAc5yzlD9FlDT54io1oqG/bBoyka+FJk5guaX4x4=",
        "owner": "numtide",
        "repo": "flake-utils",
        "rev": "bba5dcc8e0b20ab664967ad83d24d64cb64ec4f4",
        "type": "github"
      },
      "original": {
        "owner": "numtide",
        "repo": "flake-utils",
        "type": "github"
      }
    },
    "home-config-kira": {
      "inputs": {
        "emacs-config": "emacs-config",
        "flake-utils": "flake-utils",
        "my-nur": [
          "my-nur"
        ],
        "nixpkgs": [
          "nixpkgs"
        ]
      },
      "locked": {
        "lastModified": 1641248433,
        "narHash": "sha256-5onQSfAH2zrXfDcu9KXHsQlOKpLidAodE0gVIypCYN8=",
        "type": "git",
        "url": "file:///home/kira/Dev/home-config"
      },
      "original": {
        "type": "git",
        "url": "file:///home/kira/Dev/home-config"
      }
    },
    "home-manager": {
      "inputs": {
        "nixpkgs": [
          "nixpkgs"
        ]
      },
      "locked": {
        "lastModified": 1641236600,
        "narHash": "sha256-Xsy/vV1iEMjldygMYys9Y7w/h/suzQfdORVbBfih/PU=",
        "owner": "nix-community",
        "repo": "home-manager",
        "rev": "65e5b835a94b3bca9a1e219e5c43c1bc5fc04598",
        "type": "github"
      },
      "original": {
        "owner": "nix-community",
        "repo": "home-manager",
        "type": "github"
      }
    },
    "my-nur": {
      "inputs": {
        "flake-utils": "flake-utils_2",
        "nixpkgs": [
          "nixpkgs"
        ]
      },
      "locked": {
        "lastModified": 1639100172,
        "narHash": "sha256-X6TvuagCAoSw6RqesK8zd0yupOHPechd+mxU36Nazms=",
        "owner": "kira-bruneau",
        "repo": "nur-packages",
        "rev": "c7b11edce7ea5438d927ff0335d8158175c1ecc6",
        "type": "gitlab"
      },
      "original": {
        "owner": "kira-bruneau",
        "repo": "nur-packages",
        "type": "gitlab"
      }
    },
    "nixpkgs": {
      "locked": {
        "lastModified": 1640959792,
        "narHash": "sha256-zYSR//06FU2TDOpKKj0Hkff6unsxk3NwwNFuB1loU6E=",
        "owner": "NixOS",
        "repo": "nixpkgs",
        "rev": "59bfda72480496f32787cec8c557182738b1bd3f",
        "type": "github"
      },
      "original": {
        "owner": "NixOS",
        "ref": "nixos-unstable",
        "repo": "nixpkgs",
        "type": "github"
      }
    },
    "root": {
      "inputs": {
        "home-config-kira": "home-config-kira",
        "home-manager": "home-manager",
        "my-nur": "my-nur",
        "nixpkgs": "nixpkgs"
      }
    }
  },
  "root": "root",
  "version": 7
}
