{
  "nodes": {
    "disko": {
      "inputs": {
        "nixpkgs": [
          "nixpkgs"
        ]
      },
      "locked": {
        "lastModified": 1694925805,
        "narHash": "sha256-UNMivSc89undITtNoy6o6bf3Dck4v75rzGiMEXAPEB0=",
        "owner": "nix-community",
        "repo": "disko",
        "rev": "9ab96378f8cf602d5f3ce5a32f2c339509288d8e",
        "type": "github"
      },
      "original": {
        "owner": "nix-community",
        "repo": "disko",
        "type": "github"
      }
    },
    "flake-linter": {
      "inputs": {
        "flake-utils": [
          "kira-home-config",
          "flake-utils"
        ],
        "nixpkgs": [
          "kira-home-config",
          "nixpkgs"
        ]
      },
      "locked": {
        "lastModified": 1686613966,
        "narHash": "sha256-BxGgoEzji5y7HJthEyv/5OIesmw9Iry/p7xy5xIz8sM=",
        "owner": "kira-bruneau",
        "repo": "flake-linter",
        "rev": "a534e8c4fec527759ce97bf840ea0e0ea3c308fe",
        "type": "gitlab"
      },
      "original": {
        "owner": "kira-bruneau",
        "repo": "flake-linter",
        "type": "gitlab"
      }
    },
    "flake-linter_2": {
      "inputs": {
        "flake-utils": [
          "kira-nur",
          "flake-utils"
        ],
        "nixpkgs": [
          "kira-nur",
          "nixpkgs"
        ]
      },
      "locked": {
        "lastModified": 1686613966,
        "narHash": "sha256-BxGgoEzji5y7HJthEyv/5OIesmw9Iry/p7xy5xIz8sM=",
        "owner": "kira-bruneau",
        "repo": "flake-linter",
        "rev": "a534e8c4fec527759ce97bf840ea0e0ea3c308fe",
        "type": "gitlab"
      },
      "original": {
        "owner": "kira-bruneau",
        "repo": "flake-linter",
        "type": "gitlab"
      }
    },
    "flake-utils": {
      "inputs": {
        "systems": "systems"
      },
      "locked": {
        "lastModified": 1694529238,
        "narHash": "sha256-zsNZZGTGnMOf9YpHKJqMSsa0dXbfmxeoJ7xHlrt+xmY=",
        "owner": "numtide",
        "repo": "flake-utils",
        "rev": "ff7b65b44d01cf9ba6a71320833626af21126384",
        "type": "github"
      },
      "original": {
        "owner": "numtide",
        "repo": "flake-utils",
        "type": "github"
      }
    },
    "flake-utils_2": {
      "inputs": {
        "systems": "systems_2"
      },
      "locked": {
        "lastModified": 1694529238,
        "narHash": "sha256-zsNZZGTGnMOf9YpHKJqMSsa0dXbfmxeoJ7xHlrt+xmY=",
        "owner": "numtide",
        "repo": "flake-utils",
        "rev": "ff7b65b44d01cf9ba6a71320833626af21126384",
        "type": "github"
      },
      "original": {
        "owner": "numtide",
        "repo": "flake-utils",
        "type": "github"
      }
    },
    "home-manager": {
      "inputs": {
        "nixpkgs": [
          "nixpkgs"
        ]
      },
      "locked": {
        "lastModified": 1694643239,
        "narHash": "sha256-pv2k/5FvyirDE8g4TNehzwZ0T4UOMMmqWSQnM/luRtE=",
        "owner": "nix-community",
        "repo": "home-manager",
        "rev": "d9b88b43524db1591fb3d9410a21428198d75d49",
        "type": "github"
      },
      "original": {
        "owner": "nix-community",
        "repo": "home-manager",
        "type": "github"
      }
    },
    "kira-home-config": {
      "inputs": {
        "flake-linter": "flake-linter",
        "flake-utils": "flake-utils",
        "my-nur": [
          "kira-nur"
        ],
        "nixpkgs": [
          "nixpkgs"
        ]
      },
      "locked": {
        "lastModified": 1694974883,
        "narHash": "sha256-obwb3jIzLV6f6MLaZ1SS3a9j4iZUvJmFId2dzbgoIN8=",
        "owner": "kira-bruneau",
        "repo": "home-config",
        "rev": "a7063b00065a198215c90cc5283bfff241d4c9bc",
        "type": "gitlab"
      },
      "original": {
        "owner": "kira-bruneau",
        "repo": "home-config",
        "type": "gitlab"
      }
    },
    "kira-nur": {
      "inputs": {
        "flake-linter": "flake-linter_2",
        "flake-utils": "flake-utils_2",
        "nixpkgs": [
          "nixpkgs"
        ]
      },
      "locked": {
        "lastModified": 1694974538,
        "narHash": "sha256-t/udwRpn7t6LvzhYlog2qurMqSw+pLUV09HIYJW86AI=",
        "owner": "kira-bruneau",
        "repo": "nur-packages",
        "rev": "b403940b2bbd63ad962d521445e2a8a6c49ef08f",
        "type": "gitlab"
      },
      "original": {
        "owner": "kira-bruneau",
        "repo": "nur-packages",
        "type": "gitlab"
      }
    },
    "nixlib": {
      "locked": {
        "lastModified": 1693701915,
        "narHash": "sha256-waHPLdDYUOHSEtMKKabcKIMhlUOHPOOPQ9UyFeEoovs=",
        "owner": "nix-community",
        "repo": "nixpkgs.lib",
        "rev": "f5af57d3ef9947a70ac86e42695231ac1ad00c25",
        "type": "github"
      },
      "original": {
        "owner": "nix-community",
        "repo": "nixpkgs.lib",
        "type": "github"
      }
    },
    "nixos-generators": {
      "inputs": {
        "nixlib": "nixlib",
        "nixpkgs": [
          "nixpkgs"
        ]
      },
      "locked": {
        "lastModified": 1693791338,
        "narHash": "sha256-wHmtB5H8AJTUaeGHw+0hsQ6nU4VyvVrP2P4NeCocRzY=",
        "owner": "nix-community",
        "repo": "nixos-generators",
        "rev": "8ee78470029e641cddbd8721496da1316b47d3b4",
        "type": "github"
      },
      "original": {
        "owner": "nix-community",
        "repo": "nixos-generators",
        "type": "github"
      }
    },
    "nixos-hardware": {
      "locked": {
        "lastModified": 1694710316,
        "narHash": "sha256-uRh46iIC86D8BD1wCDA5gRrt+hslUXiD0kx/UjnjBcs=",
        "owner": "NixOS",
        "repo": "nixos-hardware",
        "rev": "570256327eb6ca6f7bebe8d93af49459092a0c43",
        "type": "github"
      },
      "original": {
        "owner": "NixOS",
        "repo": "nixos-hardware",
        "type": "github"
      }
    },
    "nixpkgs": {
      "locked": {
        "lastModified": 1694767346,
        "narHash": "sha256-5uH27SiVFUwsTsqC5rs3kS7pBoNhtoy9QfTP9BmknGk=",
        "owner": "NixOS",
        "repo": "nixpkgs",
        "rev": "ace5093e36ab1e95cb9463863491bee90d5a4183",
        "type": "github"
      },
      "original": {
        "owner": "NixOS",
        "ref": "nixos-unstable",
        "repo": "nixpkgs",
        "type": "github"
      }
    },
    "root": {
      "inputs": {
        "disko": "disko",
        "home-manager": "home-manager",
        "kira-home-config": "kira-home-config",
        "kira-nur": "kira-nur",
        "nixos-generators": "nixos-generators",
        "nixos-hardware": "nixos-hardware",
        "nixpkgs": "nixpkgs"
      }
    },
    "systems": {
      "locked": {
        "lastModified": 1681028828,
        "narHash": "sha256-Vy1rq5AaRuLzOxct8nz4T6wlgyUR7zLU309k9mBC768=",
        "owner": "nix-systems",
        "repo": "default",
        "rev": "da67096a3b9bf56a91d16901293e51ba5b49a27e",
        "type": "github"
      },
      "original": {
        "owner": "nix-systems",
        "repo": "default",
        "type": "github"
      }
    },
    "systems_2": {
      "locked": {
        "lastModified": 1681028828,
        "narHash": "sha256-Vy1rq5AaRuLzOxct8nz4T6wlgyUR7zLU309k9mBC768=",
        "owner": "nix-systems",
        "repo": "default",
        "rev": "da67096a3b9bf56a91d16901293e51ba5b49a27e",
        "type": "github"
      },
      "original": {
        "owner": "nix-systems",
        "repo": "default",
        "type": "github"
      }
    }
  },
  "root": "root",
  "version": 7
}
